// !$*UTF8*$!
{
	archiveVersion = 1;
	classes = {
	};
	objectVersion = 55;
	objects = {

/* Begin PBXBuildFile section */
		3FFC4E3C271EFBEF00384D0D /* AppDelegate.swift in Sources */ = {isa = PBXBuildFile; fileRef = 3FFC4E3B271EFBEF00384D0D /* AppDelegate.swift */; };
		3FFC4E3E271EFBEF00384D0D /* SceneDelegate.swift in Sources */ = {isa = PBXBuildFile; fileRef = 3FFC4E3D271EFBEF00384D0D /* SceneDelegate.swift */; };
		3FFC4E40271EFBEF00384D0D /* ViewController.swift in Sources */ = {isa = PBXBuildFile; fileRef = 3FFC4E3F271EFBEF00384D0D /* ViewController.swift */; };
		3FFC4E43271EFBEF00384D0D /* Main.storyboard in Resources */ = {isa = PBXBuildFile; fileRef = 3FFC4E41271EFBEF00384D0D /* Main.storyboard */; };
		3FFC4E45271EFBF300384D0D /* Assets.xcassets in Resources */ = {isa = PBXBuildFile; fileRef = 3FFC4E44271EFBF300384D0D /* Assets.xcassets */; };
		3FFC4E48271EFBF300384D0D /* LaunchScreen.storyboard in Resources */ = {isa = PBXBuildFile; fileRef = 3FFC4E46271EFBF300384D0D /* LaunchScreen.storyboard */; };
		3FFC4E53271EFBF400384D0D /* Discount_App_Multi_ContollerTests.swift in Sources */ = {isa = PBXBuildFile; fileRef = 3FFC4E52271EFBF400384D0D /* Discount_App_Multi_ContollerTests.swift */; };
		3FFC4E5D271EFBF400384D0D /* Discount_App_Multi_ContollerUITests.swift in Sources */ = {isa = PBXBuildFile; fileRef = 3FFC4E5C271EFBF400384D0D /* Discount_App_Multi_ContollerUITests.swift */; };
		3FFC4E5F271EFBF400384D0D /* Discount_App_Multi_ContollerUITestsLaunchTests.swift in Sources */ = {isa = PBXBuildFile; fileRef = 3FFC4E5E271EFBF400384D0D /* Discount_App_Multi_ContollerUITestsLaunchTests.swift */; };
/* End PBXBuildFile section */

/* Begin PBXContainerItemProxy section */
		3FFC4E4F271EFBF400384D0D /* PBXContainerItemProxy */ = {
			isa = PBXContainerItemProxy;
			containerPortal = 3FFC4E30271EFBEF00384D0D /* Project object */;
			proxyType = 1;
			remoteGlobalIDString = 3FFC4E37271EFBEF00384D0D;
			remoteInfo = "Discount App Multi Contoller";
		};
		3FFC4E59271EFBF400384D0D /* PBXContainerItemProxy */ = {
			isa = PBXContainerItemProxy;
			containerPortal = 3FFC4E30271EFBEF00384D0D /* Project object */;
			proxyType = 1;
			remoteGlobalIDString = 3FFC4E37271EFBEF00384D0D;
			remoteInfo = "Discount App Multi Contoller";
		};
/* End PBXContainerItemProxy section */

/* Begin PBXFileReference section */
		3FFC4E38271EFBEF00384D0D /* Discount App Multi Contoller.app */ = {isa = PBXFileReference; explicitFileType = wrapper.application; includeInIndex = 0; path = "Discount App Multi Contoller.app"; sourceTree = BUILT_PRODUCTS_DIR; };
		3FFC4E3B271EFBEF00384D0D /* AppDelegate.swift */ = {isa = PBXFileReference; lastKnownFileType = sourcecode.swift; path = AppDelegate.swift; sourceTree = "<group>"; };
		3FFC4E3D271EFBEF00384D0D /* SceneDelegate.swift */ = {isa = PBXFileReference; lastKnownFileType = sourcecode.swift; path = SceneDelegate.swift; sourceTree = "<group>"; };
		3FFC4E3F271EFBEF00384D0D /* ViewController.swift */ = {isa = PBXFileReference; lastKnownFileType = sourcecode.swift; path = ViewController.swift; sourceTree = "<group>"; };
		3FFC4E42271EFBEF00384D0D /* Base */ = {isa = PBXFileReference; lastKnownFileType = file.storyboard; name = Base; path = Base.lproj/Main.storyboard; sourceTree = "<group>"; };
		3FFC4E44271EFBF300384D0D /* Assets.xcassets */ = {isa = PBXFileReference; lastKnownFileType = folder.assetcatalog; path = Assets.xcassets; sourceTree = "<group>"; };
		3FFC4E47271EFBF300384D0D /* Base */ = {isa = PBXFileReference; lastKnownFileType = file.storyboard; name = Base; path = Base.lproj/LaunchScreen.storyboard; sourceTree = "<group>"; };
		3FFC4E49271EFBF300384D0D /* Info.plist */ = {isa = PBXFileReference; lastKnownFileType = text.plist.xml; path = Info.plist; sourceTree = "<group>"; };
		3FFC4E4E271EFBF400384D0D /* Discount App Multi ContollerTests.xctest */ = {isa = PBXFileReference; explicitFileType = wrapper.cfbundle; includeInIndex = 0; path = "Discount App Multi ContollerTests.xctest"; sourceTree = BUILT_PRODUCTS_DIR; };
		3FFC4E52271EFBF400384D0D /* Discount_App_Multi_ContollerTests.swift */ = {isa = PBXFileReference; lastKnownFileType = sourcecode.swift; path = Discount_App_Multi_ContollerTests.swift; sourceTree = "<group>"; };
		3FFC4E58271EFBF400384D0D /* Discount App Multi ContollerUITests.xctest */ = {isa = PBXFileReference; explicitFileType = wrapper.cfbundle; includeInIndex = 0; path = "Discount App Multi ContollerUITests.xctest"; sourceTree = BUILT_PRODUCTS_DIR; };
		3FFC4E5C271EFBF400384D0D /* Discount_App_Multi_ContollerUITests.swift */ = {isa = PBXFileReference; lastKnownFileType = sourcecode.swift; path = Discount_App_Multi_ContollerUITests.swift; sourceTree = "<group>"; };
		3FFC4E5E271EFBF400384D0D /* Discount_App_Multi_ContollerUITestsLaunchTests.swift */ = {isa = PBXFileReference; lastKnownFileType = sourcecode.swift; path = Discount_App_Multi_ContollerUITestsLaunchTests.swift; sourceTree = "<group>"; };
/* End PBXFileReference section */

/* Begin PBXFrameworksBuildPhase section */
		3FFC4E35271EFBEF00384D0D /* Frameworks */ = {
			isa = PBXFrameworksBuildPhase;
			buildActionMask = 2147483647;
			files = (
			);
			runOnlyForDeploymentPostprocessing = 0;
		};
		3FFC4E4B271EFBF400384D0D /* Frameworks */ = {
			isa = PBXFrameworksBuildPhase;
			buildActionMask = 2147483647;
			files = (
			);
			runOnlyForDeploymentPostprocessing = 0;
		};
		3FFC4E55271EFBF400384D0D /* Frameworks */ = {
			isa = PBXFrameworksBuildPhase;
			buildActionMask = 2147483647;
			files = (
			);
			runOnlyForDeploymentPostprocessing = 0;
		};
/* End PBXFrameworksBuildPhase section */

/* Begin PBXGroup section */
		3FFC4E2F271EFBEF00384D0D = {
			isa = PBXGroup;
			children = (
				3FFC4E3A271EFBEF00384D0D /* Discount App Multi Contoller */,
				3FFC4E51271EFBF400384D0D /* Discount App Multi ContollerTests */,
				3FFC4E5B271EFBF400384D0D /* Discount App Multi ContollerUITests */,
				3FFC4E39271EFBEF00384D0D /* Products */,
			);
			sourceTree = "<group>";
		};
		3FFC4E39271EFBEF00384D0D /* Products */ = {
			isa = PBXGroup;
			children = (
				3FFC4E38271EFBEF00384D0D /* Discount App Multi Contoller.app */,
				3FFC4E4E271EFBF400384D0D /* Discount App Multi ContollerTests.xctest */,
				3FFC4E58271EFBF400384D0D /* Discount App Multi ContollerUITests.xctest */,
			);
			name = Products;
			sourceTree = "<group>";
		};
		3FFC4E3A271EFBEF00384D0D /* Discount App Multi Contoller */ = {
			isa = PBXGroup;
			children = (
				3FFC4E3B271EFBEF00384D0D /* AppDelegate.swift */,
				3FFC4E3D271EFBEF00384D0D /* SceneDelegate.swift */,
				3FFC4E3F271EFBEF00384D0D /* ViewController.swift */,
				3FFC4E41271EFBEF00384D0D /* Main.storyboard */,
				3FFC4E44271EFBF300384D0D /* Assets.xcassets */,
				3FFC4E46271EFBF300384D0D /* LaunchScreen.storyboard */,
				3FFC4E49271EFBF300384D0D /* Info.plist */,
			);
			path = "Discount App Multi Contoller";
			sourceTree = "<group>";
		};
		3FFC4E51271EFBF400384D0D /* Discount App Multi ContollerTests */ = {
			isa = PBXGroup;
			children = (
				3FFC4E52271EFBF400384D0D /* Discount_App_Multi_ContollerTests.swift */,
			);
			path = "Discount App Multi ContollerTests";
			sourceTree = "<group>";
		};
		3FFC4E5B271EFBF400384D0D /* Discount App Multi ContollerUITests */ = {
			isa = PBXGroup;
			children = (
				3FFC4E5C271EFBF400384D0D /* Discount_App_Multi_ContollerUITests.swift */,
				3FFC4E5E271EFBF400384D0D /* Discount_App_Multi_ContollerUITestsLaunchTests.swift */,
			);
			path = "Discount App Multi ContollerUITests";
			sourceTree = "<group>";
		};
/* End PBXGroup section */

/* Begin PBXNativeTarget section */
		3FFC4E37271EFBEF00384D0D /* Discount App Multi Contoller */ = {
			isa = PBXNativeTarget;
			buildConfigurationList = 3FFC4E62271EFBF400384D0D /* Build configuration list for PBXNativeTarget "Discount App Multi Contoller" */;
			buildPhases = (
				3FFC4E34271EFBEF00384D0D /* Sources */,
				3FFC4E35271EFBEF00384D0D /* Frameworks */,
				3FFC4E36271EFBEF00384D0D /* Resources */,
			);
			buildRules = (
			);
			dependencies = (
			);
			name = "Discount App Multi Contoller";
			productName = "Discount App Multi Contoller";
			productReference = 3FFC4E38271EFBEF00384D0D /* Discount App Multi Contoller.app */;
			productType = "com.apple.product-type.application";
		};
		3FFC4E4D271EFBF400384D0D /* Discount App Multi ContollerTests */ = {
			isa = PBXNativeTarget;
			buildConfigurationList = 3FFC4E65271EFBF400384D0D /* Build configuration list for PBXNativeTarget "Discount App Multi ContollerTests" */;
			buildPhases = (
				3FFC4E4A271EFBF400384D0D /* Sources */,
				3FFC4E4B271EFBF400384D0D /* Frameworks */,
				3FFC4E4C271EFBF400384D0D /* Resources */,
			);
			buildRules = (
			);
			dependencies = (
				3FFC4E50271EFBF400384D0D /* PBXTargetDependency */,
			);
			name = "Discount App Multi ContollerTests";
			productName = "Discount App Multi ContollerTests";
			productReference = 3FFC4E4E271EFBF400384D0D /* Discount App Multi ContollerTests.xctest */;
			productType = "com.apple.product-type.bundle.unit-test";
		};
		3FFC4E57271EFBF400384D0D /* Discount App Multi ContollerUITests */ = {
			isa = PBXNativeTarget;
			buildConfigurationList = 3FFC4E68271EFBF400384D0D /* Build configuration list for PBXNativeTarget "Discount App Multi ContollerUITests" */;
			buildPhases = (
				3FFC4E54271EFBF400384D0D /* Sources */,
				3FFC4E55271EFBF400384D0D /* Frameworks */,
				3FFC4E56271EFBF400384D0D /* Resources */,
			);
			buildRules = (
			);
			dependencies = (
				3FFC4E5A271EFBF400384D0D /* PBXTargetDependency */,
			);
			name = "Discount App Multi ContollerUITests";
			productName = "Discount App Multi ContollerUITests";
			productReference = 3FFC4E58271EFBF400384D0D /* Discount App Multi ContollerUITests.xctest */;
			productType = "com.apple.product-type.bundle.ui-testing";
		};
/* End PBXNativeTarget section */

/* Begin PBXProject section */
		3FFC4E30271EFBEF00384D0D /* Project object */ = {
			isa = PBXProject;
			attributes = {
				BuildIndependentTargetsInParallel = 1;
				LastSwiftUpdateCheck = 1300;
				LastUpgradeCheck = 1300;
				TargetAttributes = {
					3FFC4E37271EFBEF00384D0D = {
						CreatedOnToolsVersion = 13.0;
					};
					3FFC4E4D271EFBF400384D0D = {
						CreatedOnToolsVersion = 13.0;
						TestTargetID = 3FFC4E37271EFBEF00384D0D;
					};
					3FFC4E57271EFBF400384D0D = {
						CreatedOnToolsVersion = 13.0;
						TestTargetID = 3FFC4E37271EFBEF00384D0D;
					};
				};
			};
			buildConfigurationList = 3FFC4E33271EFBEF00384D0D /* Build configuration list for PBXProject "Discount App Multi Contoller" */;
			compatibilityVersion = "Xcode 13.0";
			developmentRegion = en;
			hasScannedForEncodings = 0;
			knownRegions = (
				en,
				Base,
			);
			mainGroup = 3FFC4E2F271EFBEF00384D0D;
			productRefGroup = 3FFC4E39271EFBEF00384D0D /* Products */;
			projectDirPath = "";
			projectRoot = "";
			targets = (
				3FFC4E37271EFBEF00384D0D /* Discount App Multi Contoller */,
				3FFC4E4D271EFBF400384D0D /* Discount App Multi ContollerTests */,
				3FFC4E57271EFBF400384D0D /* Discount App Multi ContollerUITests */,
			);
		};
/* End PBXProject section */

/* Begin PBXResourcesBuildPhase section */
		3FFC4E36271EFBEF00384D0D /* Resources */ = {
			isa = PBXResourcesBuildPhase;
			buildActionMask = 2147483647;
			files = (
				3FFC4E48271EFBF300384D0D /* LaunchScreen.storyboard in Resources */,
				3FFC4E45271EFBF300384D0D /* Assets.xcassets in Resources */,
				3FFC4E43271EFBEF00384D0D /* Main.storyboard in Resources */,
			);
			runOnlyForDeploymentPostprocessing = 0;
		};
		3FFC4E4C271EFBF400384D0D /* Resources */ = {
			isa = PBXResourcesBuildPhase;
			buildActionMask = 2147483647;
			files = (
			);
			runOnlyForDeploymentPostprocessing = 0;
		};
		3FFC4E56271EFBF400384D0D /* Resources */ = {
			isa = PBXResourcesBuildPhase;
			buildActionMask = 2147483647;
			files = (
			);
			runOnlyForDeploymentPostprocessing = 0;
		};
/* End PBXResourcesBuildPhase section */

/* Begin PBXSourcesBuildPhase section */
		3FFC4E34271EFBEF00384D0D /* Sources */ = {
			isa = PBXSourcesBuildPhase;
			buildActionMask = 2147483647;
			files = (
				3FFC4E40271EFBEF00384D0D /* ViewController.swift in Sources */,
				3FFC4E3C271EFBEF00384D0D /* AppDelegate.swift in Sources */,
				3FFC4E3E271EFBEF00384D0D /* SceneDelegate.swift in Sources */,
			);
			runOnlyForDeploymentPostprocessing = 0;
		};
		3FFC4E4A271EFBF400384D0D /* Sources */ = {
			isa = PBXSourcesBuildPhase;
			buildActionMask = 2147483647;
			files = (
				3FFC4E53271EFBF400384D0D /* Discount_App_Multi_ContollerTests.swift in Sources */,
			);
			runOnlyForDeploymentPostprocessing = 0;
		};
		3FFC4E54271EFBF400384D0D /* Sources */ = {
			isa = PBXSourcesBuildPhase;
			buildActionMask = 2147483647;
			files = (
				3FFC4E5F271EFBF400384D0D /* Discount_App_Multi_ContollerUITestsLaunchTests.swift in Sources */,
				3FFC4E5D271EFBF400384D0D /* Discount_App_Multi_ContollerUITests.swift in Sources */,
			);
			runOnlyForDeploymentPostprocessing = 0;
		};
/* End PBXSourcesBuildPhase section */

/* Begin PBXTargetDependency section */
		3FFC4E50271EFBF400384D0D /* PBXTargetDependency */ = {
			isa = PBXTargetDependency;
			target = 3FFC4E37271EFBEF00384D0D /* Discount App Multi Contoller */;
			targetProxy = 3FFC4E4F271EFBF400384D0D /* PBXContainerItemProxy */;
		};
		3FFC4E5A271EFBF400384D0D /* PBXTargetDependency */ = {
			isa = PBXTargetDependency;
			target = 3FFC4E37271EFBEF00384D0D /* Discount App Multi Contoller */;
			targetProxy = 3FFC4E59271EFBF400384D0D /* PBXContainerItemProxy */;
		};
/* End PBXTargetDependency section */

/* Begin PBXVariantGroup section */
		3FFC4E41271EFBEF00384D0D /* Main.storyboard */ = {
			isa = PBXVariantGroup;
			children = (
				3FFC4E42271EFBEF00384D0D /* Base */,
			);
			name = Main.storyboard;
			sourceTree = "<group>";
		};
		3FFC4E46271EFBF300384D0D /* LaunchScreen.storyboard */ = {
			isa = PBXVariantGroup;
			children = (
				3FFC4E47271EFBF300384D0D /* Base */,
			);
			name = LaunchScreen.storyboard;
			sourceTree = "<group>";
		};
/* End PBXVariantGroup section */

/* Begin XCBuildConfiguration section */
		3FFC4E60271EFBF400384D0D /* Debug */ = {
			isa = XCBuildConfiguration;
			buildSettings = {
				ALWAYS_SEARCH_USER_PATHS = NO;
				CLANG_ANALYZER_NONNULL = YES;
				CLANG_ANALYZER_NUMBER_OBJECT_CONVERSION = YES_AGGRESSIVE;
				CLANG_CXX_LANGUAGE_STANDARD = "gnu++17";
				CLANG_CXX_LIBRARY = "libc++";
				CLANG_ENABLE_MODULES = YES;
				CLANG_ENABLE_OBJC_ARC = YES;
				CLANG_ENABLE_OBJC_WEAK = YES;
				CLANG_WARN_BLOCK_CAPTURE_AUTORELEASING = YES;
				CLANG_WARN_BOOL_CONVERSION = YES;
				CLANG_WARN_COMMA = YES;
				CLANG_WARN_CONSTANT_CONVERSION = YES;
				CLANG_WARN_DEPRECATED_OBJC_IMPLEMENTATIONS = YES;
				CLANG_WARN_DIRECT_OBJC_ISA_USAGE = YES_ERROR;
				CLANG_WARN_DOCUMENTATION_COMMENTS = YES;
				CLANG_WARN_EMPTY_BODY = YES;
				CLANG_WARN_ENUM_CONVERSION = YES;
				CLANG_WARN_INFINITE_RECURSION = YES;
				CLANG_WARN_INT_CONVERSION = YES;
				CLANG_WARN_NON_LITERAL_NULL_CONVERSION = YES;
				CLANG_WARN_OBJC_IMPLICIT_RETAIN_SELF = YES;
				CLANG_WARN_OBJC_LITERAL_CONVERSION = YES;
				CLANG_WARN_OBJC_ROOT_CLASS = YES_ERROR;
				CLANG_WARN_QUOTED_INCLUDE_IN_FRAMEWORK_HEADER = YES;
				CLANG_WARN_RANGE_LOOP_ANALYSIS = YES;
				CLANG_WARN_STRICT_PROTOTYPES = YES;
				CLANG_WARN_SUSPICIOUS_MOVE = YES;
				CLANG_WARN_UNGUARDED_AVAILABILITY = YES_AGGRESSIVE;
				CLANG_WARN_UNREACHABLE_CODE = YES;
				CLANG_WARN__DUPLICATE_METHOD_MATCH = YES;
				COPY_PHASE_STRIP = NO;
				DEBUG_INFORMATION_FORMAT = dwarf;
				ENABLE_STRICT_OBJC_MSGSEND = YES;
				ENABLE_TESTABILITY = YES;
				GCC_C_LANGUAGE_STANDARD = gnu11;
				GCC_DYNAMIC_NO_PIC = NO;
				GCC_NO_COMMON_BLOCKS = YES;
				GCC_OPTIMIZATION_LEVEL = 0;
				GCC_PREPROCESSOR_DEFINITIONS = (
					"DEBUG=1",
					"$(inherited)",
				);
				GCC_WARN_64_TO_32_BIT_CONVERSION = YES;
				GCC_WARN_ABOUT_RETURN_TYPE = YES_ERROR;
				GCC_WARN_UNDECLARED_SELECTOR = YES;
				GCC_WARN_UNINITIALIZED_AUTOS = YES_AGGRESSIVE;
				GCC_WARN_UNUSED_FUNCTION = YES;
				GCC_WARN_UNUSED_VARIABLE = YES;
				IPHONEOS_DEPLOYMENT_TARGET = 15.0;
				MTL_ENABLE_DEBUG_INFO = INCLUDE_SOURCE;
				MTL_FAST_MATH = YES;
				ONLY_ACTIVE_ARCH = YES;
				SDKROOT = iphoneos;
				SWIFT_ACTIVE_COMPILATION_CONDITIONS = DEBUG;
				SWIFT_OPTIMIZATION_LEVEL = "-Onone";
			};
			name = Debug;
		};
		3FFC4E61271EFBF400384D0D /* Release */ = {
			isa = XCBuildConfiguration;
			buildSettings = {
				ALWAYS_SEARCH_USER_PATHS = NO;
				CLANG_ANALYZER_NONNULL = YES;
				CLANG_ANALYZER_NUMBER_OBJECT_CONVERSION = YES_AGGRESSIVE;
				CLANG_CXX_LANGUAGE_STANDARD = "gnu++17";
				CLANG_CXX_LIBRARY = "libc++";
				CLANG_ENABLE_MODULES = YES;
				CLANG_ENABLE_OBJC_ARC = YES;
				CLANG_ENABLE_OBJC_WEAK = YES;
				CLANG_WARN_BLOCK_CAPTURE_AUTORELEASING = YES;
				CLANG_WARN_BOOL_CONVERSION = YES;
				CLANG_WARN_COMMA = YES;
				CLANG_WARN_CONSTANT_CONVERSION = YES;
				CLANG_WARN_DEPRECATED_OBJC_IMPLEMENTATIONS = YES;
				CLANG_WARN_DIRECT_OBJC_ISA_USAGE = YES_ERROR;
				CLANG_WARN_DOCUMENTATION_COMMENTS = YES;
				CLANG_WARN_EMPTY_BODY = YES;
				CLANG_WARN_ENUM_CONVERSION = YES;
				CLANG_WARN_INFINITE_RECURSION = YES;
				CLANG_WARN_INT_CONVERSION = YES;
				CLANG_WARN_NON_LITERAL_NULL_CONVERSION = YES;
				CLANG_WARN_OBJC_IMPLICIT_RETAIN_SELF = YES;
				CLANG_WARN_OBJC_LITERAL_CONVERSION = YES;
				CLANG_WARN_OBJC_ROOT_CLASS = YES_ERROR;
				CLANG_WARN_QUOTED_INCLUDE_IN_FRAMEWORK_HEADER = YES;
				CLANG_WARN_RANGE_LOOP_ANALYSIS = YES;
				CLANG_WARN_STRICT_PROTOTYPES = YES;
				CLANG_WARN_SUSPICIOUS_MOVE = YES;
				CLANG_WARN_UNGUARDED_AVAILABILITY = YES_AGGRESSIVE;
				CLANG_WARN_UNREACHABLE_CODE = YES;
				CLANG_WARN__DUPLICATE_METHOD_MATCH = YES;
				COPY_PHASE_STRIP = NO;
				DEBUG_INFORMATION_FORMAT = "dwarf-with-dsym";
				ENABLE_NS_ASSERTIONS = NO;
				ENABLE_STRICT_OBJC_MSGSEND = YES;
				GCC_C_LANGUAGE_STANDARD = gnu11;
				GCC_NO_COMMON_BLOCKS = YES;
				GCC_WARN_64_TO_32_BIT_CONVERSION = YES;
				GCC_WARN_ABOUT_RETURN_TYPE = YES_ERROR;
				GCC_WARN_UNDECLARED_SELECTOR = YES;
				GCC_WARN_UNINITIALIZED_AUTOS = YES_AGGRESSIVE;
				GCC_WARN_UNUSED_FUNCTION = YES;
				GCC_WARN_UNUSED_VARIABLE = YES;
				IPHONEOS_DEPLOYMENT_TARGET = 15.0;
				MTL_ENABLE_DEBUG_INFO = NO;
				MTL_FAST_MATH = YES;
				SDKROOT = iphoneos;
				SWIFT_COMPILATION_MODE = wholemodule;
				SWIFT_OPTIMIZATION_LEVEL = "-O";
				VALIDATE_PRODUCT = YES;
			};
			name = Release;
		};
		3FFC4E63271EFBF400384D0D /* Debug */ = {
			isa = XCBuildConfiguration;
			buildSettings = {
				ASSETCATALOG_COMPILER_APPICON_NAME = AppIcon;
				ASSETCATALOG_COMPILER_GLOBAL_ACCENT_COLOR_NAME = AccentColor;
				CODE_SIGN_STYLE = Automatic;
				CURRENT_PROJECT_VERSION = 1;
				GENERATE_INFOPLIST_FILE = YES;
				INFOPLIST_FILE = "Discount App Multi Contoller/Info.plist";
				INFOPLIST_KEY_UIApplicationSupportsIndirectInputEvents = YES;
				INFOPLIST_KEY_UILaunchStoryboardName = LaunchScreen;
				INFOPLIST_KEY_UIMainStoryboardFile = Main;
				INFOPLIST_KEY_UISupportedInterfaceOrientations_iPad = "UIInterfaceOrientationPortrait UIInterfaceOrientationPortraitUpsideDown UIInterfaceOrientationLandscapeLeft UIInterfaceOrientationLandscapeRight";
				INFOPLIST_KEY_UISupportedInterfaceOrientations_iPhone = "UIInterfaceOrientationPortrait UIInterfaceOrientationLandscapeLeft UIInterfaceOrientationLandscapeRight";
				LD_RUNPATH_SEARCH_PATHS = (
					"$(inherited)",
					"@executable_path/Frameworks",
				);
				MARKETING_VERSION = 1.0;
				PRODUCT_BUNDLE_IDENTIFIER = "nwmsu.Discount-App-Multi-Contoller";
				PRODUCT_NAME = "$(TARGET_NAME)";
				SWIFT_EMIT_LOC_STRINGS = YES;
				SWIFT_VERSION = 5.0;
				TARGETED_DEVICE_FAMILY = "1,2";
			};
			name = Debug;
		};
		3FFC4E64271EFBF400384D0D /* Release */ = {
			isa = XCBuildConfiguration;
			buildSettings = {
				ASSETCATALOG_COMPILER_APPICON_NAME = AppIcon;
				ASSETCATALOG_COMPILER_GLOBAL_ACCENT_COLOR_NAME = AccentColor;
				CODE_SIGN_STYLE = Automatic;
				CURRENT_PROJECT_VERSION = 1;
				GENERATE_INFOPLIST_FILE = YES;
				INFOPLIST_FILE = "Discount App Multi Contoller/Info.plist";
				INFOPLIST_KEY_UIApplicationSupportsIndirectInputEvents = YES;
				INFOPLIST_KEY_UILaunchStoryboardName = LaunchScreen;
				INFOPLIST_KEY_UIMainStoryboardFile = Main;
				INFOPLIST_KEY_UISupportedInterfaceOrientations_iPad = "UIInterfaceOrientationPortrait UIInterfaceOrientationPortraitUpsideDown UIInterfaceOrientationLandscapeLeft UIInterfaceOrientationLandscapeRight";
				INFOPLIST_KEY_UISupportedInterfaceOrientations_iPhone = "UIInterfaceOrientationPortrait UIInterfaceOrientationLandscapeLeft UIInterfaceOrientationLandscapeRight";
				LD_RUNPATH_SEARCH_PATHS = (
					"$(inherited)",
					"@executable_path/Frameworks",
				);
				MARKETING_VERSION = 1.0;
				PRODUCT_BUNDLE_IDENTIFIER = "nwmsu.Discount-App-Multi-Contoller";
				PRODUCT_NAME = "$(TARGET_NAME)";
				SWIFT_EMIT_LOC_STRINGS = YES;
				SWIFT_VERSION = 5.0;
				TARGETED_DEVICE_FAMILY = "1,2";
			};
			name = Release;
		};
		3FFC4E66271EFBF400384D0D /* Debug */ = {
			isa = XCBuildConfiguration;
			buildSettings = {
				ALWAYS_EMBED_SWIFT_STANDARD_LIBRARIES = YES;
				BUNDLE_LOADER = "$(TEST_HOST)";
				CODE_SIGN_STYLE = Automatic;
				CURRENT_PROJECT_VERSION = 1;
				GENERATE_INFOPLIST_FILE = YES;
				IPHONEOS_DEPLOYMENT_TARGET = 15.0;
				LD_RUNPATH_SEARCH_PATHS = (
					"$(inherited)",
					"@executable_path/Frameworks",
					"@loader_path/Frameworks",
				);
				MARKETING_VERSION = 1.0;
				PRODUCT_BUNDLE_IDENTIFIER = "nwmsu.Discount-App-Multi-ContollerTests";
				PRODUCT_NAME = "$(TARGET_NAME)";
				SWIFT_EMIT_LOC_STRINGS = NO;
				SWIFT_VERSION = 5.0;
				TARGETED_DEVICE_FAMILY = "1,2";
				TEST_HOST = "$(BUILT_PRODUCTS_DIR)/Discount App Multi Contoller.app/Discount App Multi Contoller";
			};
			name = Debug;
		};
		3FFC4E67271EFBF400384D0D /* Release */ = {
			isa = XCBuildConfiguration;
			buildSettings = {
				ALWAYS_EMBED_SWIFT_STANDARD_LIBRARIES = YES;
				BUNDLE_LOADER = "$(TEST_HOST)";
				CODE_SIGN_STYLE = Automatic;
				CURRENT_PROJECT_VERSION = 1;
				GENERATE_INFOPLIST_FILE = YES;
				IPHONEOS_DEPLOYMENT_TARGET = 15.0;
				LD_RUNPATH_SEARCH_PATHS = (
					"$(inherited)",
					"@executable_path/Frameworks",
					"@loader_path/Frameworks",
				);
				MARKETING_VERSION = 1.0;
				PRODUCT_BUNDLE_IDENTIFIER = "nwmsu.Discount-App-Multi-ContollerTests";
				PRODUCT_NAME = "$(TARGET_NAME)";
				SWIFT_EMIT_LOC_STRINGS = NO;
				SWIFT_VERSION = 5.0;
				TARGETED_DEVICE_FAMILY = "1,2";
				TEST_HOST = "$(BUILT_PRODUCTS_DIR)/Discount App Multi Contoller.app/Discount App Multi Contoller";
			};
			name = Release;
		};
		3FFC4E69271EFBF400384D0D /* Debug */ = {
			isa = XCBuildConfiguration;
			buildSettings = {
				ALWAYS_EMBED_SWIFT_STANDARD_LIBRARIES = YES;
				CODE_SIGN_STYLE = Automatic;
				CURRENT_PROJECT_VERSION = 1;
				GENERATE_INFOPLIST_FILE = YES;
				LD_RUNPATH_SEARCH_PATHS = (
					"$(inherited)",
					"@executable_path/Frameworks",
					"@loader_path/Frameworks",
				);
				MARKETING_VERSION = 1.0;
				PRODUCT_BUNDLE_IDENTIFIER = "nwmsu.Discount-App-Multi-ContollerUITests";
				PRODUCT_NAME = "$(TARGET_NAME)";
				SWIFT_EMIT_LOC_STRINGS = NO;
				SWIFT_VERSION = 5.0;
				TARGETED_DEVICE_FAMILY = "1,2";
				TEST_TARGET_NAME = "Discount App Multi Contoller";
			};
			name = Debug;
		};
		3FFC4E6A271EFBF400384D0D /* Release */ = {
			isa = XCBuildConfiguration;
			buildSettings = {
				ALWAYS_EMBED_SWIFT_STANDARD_LIBRARIES = YES;
				CODE_SIGN_STYLE = Automatic;
				CURRENT_PROJECT_VERSION = 1;
				GENERATE_INFOPLIST_FILE = YES;
				LD_RUNPATH_SEARCH_PATHS = (
					"$(inherited)",
					"@executable_path/Frameworks",
					"@loader_path/Frameworks",
				);
				MARKETING_VERSION = 1.0;
				PRODUCT_BUNDLE_IDENTIFIER = "nwmsu.Discount-App-Multi-ContollerUITests";
				PRODUCT_NAME = "$(TARGET_NAME)";
				SWIFT_EMIT_LOC_STRINGS = NO;
				SWIFT_VERSION = 5.0;
				TARGETED_DEVICE_FAMILY = "1,2";
				TEST_TARGET_NAME = "Discount App Multi Contoller";
			};
			name = Release;
		};
/* End XCBuildConfiguration section */

/* Begin XCConfigurationList section */
		3FFC4E33271EFBEF00384D0D /* Build configuration list for PBXProject "Discount App Multi Contoller" */ = {
			isa = XCConfigurationList;
			buildConfigurations = (
				3FFC4E60271EFBF400384D0D /* Debug */,
				3FFC4E61271EFBF400384D0D /* Release */,
			);
			defaultConfigurationIsVisible = 0;
			defaultConfigurationName = Release;
		};
		3FFC4E62271EFBF400384D0D /* Build configuration list for PBXNativeTarget "Discount App Multi Contoller" */ = {
			isa = XCConfigurationList;
			buildConfigurations = (
				3FFC4E63271EFBF400384D0D /* Debug */,
				3FFC4E64271EFBF400384D0D /* Release */,
			);
			defaultConfigurationIsVisible = 0;
			defaultConfigurationName = Release;
		};
		3FFC4E65271EFBF400384D0D /* Build configuration list for PBXNativeTarget "Discount App Multi ContollerTests" */ = {
			isa = XCConfigurationList;
			buildConfigurations = (
				3FFC4E66271EFBF400384D0D /* Debug */,
				3FFC4E67271EFBF400384D0D /* Release */,
			);
			defaultConfigurationIsVisible = 0;
			defaultConfigurationName = Release;
		};
		3FFC4E68271EFBF400384D0D /* Build configuration list for PBXNativeTarget "Discount App Multi ContollerUITests" */ = {
			isa = XCConfigurationList;
			buildConfigurations = (
				3FFC4E69271EFBF400384D0D /* Debug */,
				3FFC4E6A271EFBF400384D0D /* Release */,
			);
			defaultConfigurationIsVisible = 0;
			defaultConfigurationName = Release;
		};
/* End XCConfigurationList section */
	};
	rootObject = 3FFC4E30271EFBEF00384D0D /* Project object */;
}
